
Microsoft Visual Studio Solution File, Format Version 12.00
# Visual Studio 2013
VisualStudioVersion = 12.0.30723.0
MinimumVisualStudioVersion = 10.0.40219.1
Project("{FAE04EC0-301F-11D3-BF4B-00C04F79EFBC}") = "SitemapAspNet", "SitemapAspNet\SitemapAspNet.csproj", "{0D1F58D5-241C-4F4E-AC4A-9133DC515F65}"
EndProject
Project("{FAE04EC0-301F-11D3-BF4B-00C04F79EFBC}") = "SitemapAspNet.Example", "SitemapAspNet.Example\SitemapAspNet.Example.csproj", "{C01171F7-58D2-4B00-8C92-A2D28279710A}"
EndProject
Global
	GlobalSection(SolutionConfigurationPlatforms) = preSolution
		Debug|Any CPU = Debug|Any CPU
		Release|Any CPU = Release|Any CPU
	EndGlobalSection
	GlobalSection(ProjectConfigurationPlatforms) = postSolution
		{0D1F58D5-241C-4F4E-AC4A-9133DC515F65}.Debug|Any CPU.ActiveCfg = Debug|Any CPU
		{0D1F58D5-241C-4F4E-AC4A-9133DC515F65}.Debug|Any CPU.Build.0 = Debug|Any CPU
		{0D1F58D5-241C-4F4E-AC4A-9133DC515F65}.Release|Any CPU.ActiveCfg = Release|Any CPU
		{0D1F58D5-241C-4F4E-AC4A-9133DC515F65}.Release|Any CPU.Build.0 = Release|Any CPU
		{C01171F7-58D2-4B00-8C92-A2D28279710A}.Debug|Any CPU.ActiveCfg = Debug|Any CPU
		{C01171F7-58D2-4B00-8C92-A2D28279710A}.Debug|Any CPU.Build.0 = Debug|Any CPU
		{C01171F7-58D2-4B00-8C92-A2D28279710A}.Release|Any CPU.ActiveCfg = Release|Any CPU
		{C01171F7-58D2-4B00-8C92-A2D28279710A}.Release|Any CPU.Build.0 = Release|Any CPU
	EndGlobalSection
	GlobalSection(SolutionProperties) = preSolution
		HideSolutionNode = FALSE
	EndGlobalSection
EndGlobal
